// !$*UTF8*$!
{
	archiveVersion = 1;
	classes = {
	};
	objectVersion = 46;
	objects = {

/* Begin PBXBuildFile section */
		C867F27B1D9BA54100A0BF30 /* AppDelegate.swift in Sources */ = {isa = PBXBuildFile; fileRef = C867F27A1D9BA54100A0BF30 /* AppDelegate.swift */; };
		C867F27D1D9BA54100A0BF30 /* ViewController.swift in Sources */ = {isa = PBXBuildFile; fileRef = C867F27C1D9BA54100A0BF30 /* ViewController.swift */; };
		C867F2801D9BA54100A0BF30 /* Main.storyboard in Resources */ = {isa = PBXBuildFile; fileRef = C867F27E1D9BA54100A0BF30 /* Main.storyboard */; };
		C867F2821D9BA54100A0BF30 /* Assets.xcassets in Resources */ = {isa = PBXBuildFile; fileRef = C867F2811D9BA54100A0BF30 /* Assets.xcassets */; };
		C867F2851D9BA54100A0BF30 /* LaunchScreen.storyboard in Resources */ = {isa = PBXBuildFile; fileRef = C867F2831D9BA54100A0BF30 /* LaunchScreen.storyboard */; };
/* End PBXBuildFile section */

/* Begin PBXFileReference section */
		C867F2771D9BA54100A0BF30 /* testWeb.app */ = {isa = PBXFileReference; explicitFileType = wrapper.application; includeInIndex = 0; path = testWeb.app; sourceTree = BUILT_PRODUCTS_DIR; };
		C867F27A1D9BA54100A0BF30 /* AppDelegate.swift */ = {isa = PBXFileReference; lastKnownFileType = sourcecode.swift; path = AppDelegate.swift; sourceTree = "<group>"; };
		C867F27C1D9BA54100A0BF30 /* ViewController.swift */ = {isa = PBXFileReference; lastKnownFileType = sourcecode.swift; path = ViewController.swift; sourceTree = "<group>"; };
		C867F27F1D9BA54100A0BF30 /* Base */ = {isa = PBXFileReference; lastKnownFileType = file.storyboard; name = Base; path = Base.lproj/Main.storyboard; sourceTree = "<group>"; };
		C867F2811D9BA54100A0BF30 /* Assets.xcassets */ = {isa = PBXFileReference; lastKnownFileType = folder.assetcatalog; path = Assets.xcassets; sourceTree = "<group>"; };
		C867F2841D9BA54100A0BF30 /* Base */ = {isa = PBXFileReference; lastKnownFileType = file.storyboard; name = Base; path = Base.lproj/LaunchScreen.storyboard; sourceTree = "<group>"; };
		C867F2861D9BA54100A0BF30 /* Info.plist */ = {isa = PBXFileReference; lastKnownFileType = text.plist.xml; path = Info.plist; sourceTree = "<group>"; };
/* End PBXFileReference section */

/* Begin PBXFrameworksBuildPhase section */
		C867F2741D9BA54100A0BF30 /* Frameworks */ = {
			isa = PBXFrameworksBuildPhase;
			buildActionMask = 2147483647;
			files = (
			);
			runOnlyForDeploymentPostprocessing = 0;
		};
/* End PBXFrameworksBuildPhase section */

/* Begin PBXGroup section */
		C867F26E1D9BA54100A0BF30 = {
			isa = PBXGroup;
			children = (
				C867F2791D9BA54100A0BF30 /* testWeb */,
				C867F2781D9BA54100A0BF30 /* Products */,
			);
			sourceTree = "<group>";
		};
		C867F2781D9BA54100A0BF30 /* Products */ = {
			isa = PBXGroup;
			children = (
				C867F2771D9BA54100A0BF30 /* testWeb.app */,
			);
			name = Products;
			sourceTree = "<group>";
		};
		C867F2791D9BA54100A0BF30 /* testWeb */ = {
			isa = PBXGroup;
			children = (
				C867F27A1D9BA54100A0BF30 /* AppDelegate.swift */,
				C867F27C1D9BA54100A0BF30 /* ViewController.swift */,
				C867F27E1D9BA54100A0BF30 /* Main.storyboard */,
				C867F2811D9BA54100A0BF30 /* Assets.xcassets */,
				C867F2831D9BA54100A0BF30 /* LaunchScreen.storyboard */,
				C867F2861D9BA54100A0BF30 /* Info.plist */,
			);
			path = testWeb;
			sourceTree = "<group>";
		};
/* End PBXGroup section */

/* Begin PBXNativeTarget section */
		C867F2761D9BA54100A0BF30 /* testWeb */ = {
			isa = PBXNativeTarget;
			buildConfigurationList = C867F2891D9BA54100A0BF30 /* Build configuration list for PBXNativeTarget "testWeb" */;
			buildPhases = (
				C867F2731D9BA54100A0BF30 /* Sources */,
				C867F2741D9BA54100A0BF30 /* Frameworks */,
				C867F2751D9BA54100A0BF30 /* Resources */,
			);
			buildRules = (
			);
			dependencies = (
			);
			name = testWeb;
			productName = testWeb;
			productReference = C867F2771D9BA54100A0BF30 /* testWeb.app */;
			productType = "com.apple.product-type.application";
		};
/* End PBXNativeTarget section */

/* Begin PBXProject section */
		C867F26F1D9BA54100A0BF30 /* Project object */ = {
			isa = PBXProject;
			attributes = {
				LastSwiftUpdateCheck = 0800;
				LastUpgradeCheck = 0800;
				ORGANIZATIONNAME = "com.hh-medic";
				TargetAttributes = {
					C867F2761D9BA54100A0BF30 = {
						CreatedOnToolsVersion = 8.0;
						ProvisioningStyle = Automatic;
					};
				};
			};
			buildConfigurationList = C867F2721D9BA54100A0BF30 /* Build configuration list for PBXProject "testWeb" */;
			compatibilityVersion = "Xcode 3.2";
			developmentRegion = English;
			hasScannedForEncodings = 0;
			knownRegions = (
				en,
				Base,
			);
			mainGroup = C867F26E1D9BA54100A0BF30;
			productRefGroup = C867F2781D9BA54100A0BF30 /* Products */;
			projectDirPath = "";
			projectRoot = "";
			targets = (
				C867F2761D9BA54100A0BF30 /* testWeb */,
			);
		};
/* End PBXProject section */

/* Begin PBXResourcesBuildPhase section */
		C867F2751D9BA54100A0BF30 /* Resources */ = {
			isa = PBXResourcesBuildPhase;
			buildActionMask = 2147483647;
			files = (
				C867F2851D9BA54100A0BF30 /* LaunchScreen.storyboard in Resources */,
				C867F2821D9BA54100A0BF30 /* Assets.xcassets in Resources */,
				C867F2801D9BA54100A0BF30 /* Main.storyboard in Resources */,
			);
			runOnlyForDeploymentPostprocessing = 0;
		};
/* End PBXResourcesBuildPhase section */

/* Begin PBXSourcesBuildPhase section */
		C867F2731D9BA54100A0BF30 /* Sources */ = {
			isa = PBXSourcesBuildPhase;
			buildActionMask = 2147483647;
			files = (
				C867F27D1D9BA54100A0BF30 /* ViewController.swift in Sources */,
				C867F27B1D9BA54100A0BF30 /* AppDelegate.swift in Sources */,
			);
			runOnlyForDeploymentPostprocessing = 0;
		};
/* End PBXSourcesBuildPhase section */

/* Begin PBXVariantGroup section */
		C867F27E1D9BA54100A0BF30 /* Main.storyboard */ = {
			isa = PBXVariantGroup;
			children = (
				C867F27F1D9BA54100A0BF30 /* Base */,
			);
			name = Main.storyboard;
			sourceTree = "<group>";
		};
		C867F2831D9BA54100A0BF30 /* LaunchScreen.storyboard */ = {
			isa = PBXVariantGroup;
			children = (
				C867F2841D9BA54100A0BF30 /* Base */,
			);
			name = LaunchScreen.storyboard;
			sourceTree = "<group>";
		};
/* End PBXVariantGroup section */

/* Begin XCBuildConfiguration section */
		C867F2871D9BA54100A0BF30 /* Debug */ = {
			isa = XCBuildConfiguration;
			buildSettings = {
				ALWAYS_SEARCH_USER_PATHS = NO;
				CLANG_ANALYZER_NONNULL = YES;
				CLANG_CXX_LANGUAGE_STANDARD = "gnu++0x";
				CLANG_CXX_LIBRARY = "libc++";
				CLANG_ENABLE_MODULES = YES;
				CLANG_ENABLE_OBJC_ARC = YES;
				CLANG_WARN_BOOL_CONVERSION = YES;
				CLANG_WARN_CONSTANT_CONVERSION = YES;
				CLANG_WARN_DIRECT_OBJC_ISA_USAGE = YES_ERROR;
				CLANG_WARN_DOCUMENTATION_COMMENTS = YES;
				CLANG_WARN_EMPTY_BODY = YES;
				CLANG_WARN_ENUM_CONVERSION = YES;
				CLANG_WARN_INFINITE_RECURSION = YES;
				CLANG_WARN_INT_CONVERSION = YES;
				CLANG_WARN_OBJC_ROOT_CLASS = YES_ERROR;
				CLANG_WARN_SUSPICIOUS_MOVES = YES;
				CLANG_WARN_UNREACHABLE_CODE = YES;
				CLANG_WARN__DUPLICATE_METHOD_MATCH = YES;
				"CODE_SIGN_IDENTITY[sdk=iphoneos*]" = "iPhone Developer";
				COPY_PHASE_STRIP = NO;
				DEBUG_INFORMATION_FORMAT = dwarf;
				ENABLE_STRICT_OBJC_MSGSEND = YES;
				ENABLE_TESTABILITY = YES;
				GCC_C_LANGUAGE_STANDARD = gnu99;
				GCC_DYNAMIC_NO_PIC = NO;
				GCC_NO_COMMON_BLOCKS = YES;
				GCC_OPTIMIZATION_LEVEL = 0;
				GCC_PREPROCESSOR_DEFINITIONS = (
					"DEBUG=1",
					"$(inherited)",
				);
				GCC_WARN_64_TO_32_BIT_CONVERSION = YES;
				GCC_WARN_ABOUT_RETURN_TYPE = YES_ERROR;
				GCC_WARN_UNDECLARED_SELECTOR = YES;
				GCC_WARN_UNINITIALIZED_AUTOS = YES_AGGRESSIVE;
				GCC_WARN_UNUSED_FUNCTION = YES;
				GCC_WARN_UNUSED_VARIABLE = YES;
				IPHONEOS_DEPLOYMENT_TARGET = 10.0;
				MTL_ENABLE_DEBUG_INFO = YES;
				ONLY_ACTIVE_ARCH = YES;
				SDKROOT = iphoneos;
				SWIFT_ACTIVE_COMPILATION_CONDITIONS = DEBUG;
				SWIFT_OPTIMIZATION_LEVEL = "-Onone";
				TARGETED_DEVICE_FAMILY = "1,2";
			};
			name = Debug;
		};
		C867F2881D9BA54100A0BF30 /* Release */ = {
			isa = XCBuildConfiguration;
			buildSettings = {
				ALWAYS_SEARCH_USER_PATHS = NO;
				CLANG_ANALYZER_NONNULL = YES;
				CLANG_CXX_LANGUAGE_STANDARD = "gnu++0x";
				CLANG_CXX_LIBRARY = "libc++";
				CLANG_ENABLE_MODULES = YES;
				CLANG_ENABLE_OBJC_ARC = YES;
				CLANG_WARN_BOOL_CONVERSION = YES;
				CLANG_WARN_CONSTANT_CONVERSION = YES;
				CLANG_WARN_DIRECT_OBJC_ISA_USAGE = YES_ERROR;
				CLANG_WARN_DOCUMENTATION_COMMENTS = YES;
				CLANG_WARN_EMPTY_BODY = YES;
				CLANG_WARN_ENUM_CONVERSION = YES;
				CLANG_WARN_INFINITE_RECURSION = YES;
				CLANG_WARN_INT_CONVERSION = YES;
				CLANG_WARN_OBJC_ROOT_CLASS = YES_ERROR;
				CLANG_WARN_SUSPICIOUS_MOVES = YES;
				CLANG_WARN_UNREACHABLE_CODE = YES;
				CLANG_WARN__DUPLICATE_METHOD_MATCH = YES;
				"CODE_SIGN_IDENTITY[sdk=iphoneos*]" = "iPhone Developer";
				COPY_PHASE_STRIP = NO;
				DEBUG_INFORMATION_FORMAT = "dwarf-with-dsym";
				ENABLE_NS_ASSERTIONS = NO;
				ENABLE_STRICT_OBJC_MSGSEND = YES;
				GCC_C_LANGUAGE_STANDARD = gnu99;
				GCC_NO_COMMON_BLOCKS = YES;
				GCC_WARN_64_TO_32_BIT_CONVERSION = YES;
				GCC_WARN_ABOUT_RETURN_TYPE = YES_ERROR;
				GCC_WARN_UNDECLARED_SELECTOR = YES;
				GCC_WARN_UNINITIALIZED_AUTOS = YES_AGGRESSIVE;
				GCC_WARN_UNUSED_FUNCTION = YES;
				GCC_WARN_UNUSED_VARIABLE = YES;
				IPHONEOS_DEPLOYMENT_TARGET = 10.0;
				MTL_ENABLE_DEBUG_INFO = NO;
				SDKROOT = iphoneos;
				SWIFT_OPTIMIZATION_LEVEL = "-Owholemodule";
				TARGETED_DEVICE_FAMILY = "1,2";
				VALIDATE_PRODUCT = YES;
			};
			name = Release;
		};
		C867F28A1D9BA54100A0BF30 /* Debug */ = {
			isa = XCBuildConfiguration;
			buildSettings = {
				ASSETCATALOG_COMPILER_APPICON_NAME = AppIcon;
				INFOPLIST_FILE = testWeb/Info.plist;
				LD_RUNPATH_SEARCH_PATHS = "$(inherited) @executable_path/Frameworks";
				PRODUCT_BUNDLE_IDENTIFIER = HH.testWeb;
				PRODUCT_NAME = "$(TARGET_NAME)";
				SWIFT_VERSION = 3.0;
			};
			name = Debug;
		};
		C867F28B1D9BA54100A0BF30 /* Release */ = {
			isa = XCBuildConfiguration;
			buildSettings = {
				ASSETCATALOG_COMPILER_APPICON_NAME = AppIcon;
				INFOPLIST_FILE = testWeb/Info.plist;
				LD_RUNPATH_SEARCH_PATHS = "$(inherited) @executable_path/Frameworks";
				PRODUCT_BUNDLE_IDENTIFIER = HH.testWeb;
				PRODUCT_NAME = "$(TARGET_NAME)";
				SWIFT_VERSION = 3.0;
			};
			name = Release;
		};
/* End XCBuildConfiguration section */

/* Begin XCConfigurationList section */
		C867F2721D9BA54100A0BF30 /* Build configuration list for PBXProject "testWeb" */ = {
			isa = XCConfigurationList;
			buildConfigurations = (
				C867F2871D9BA54100A0BF30 /* Debug */,
				C867F2881D9BA54100A0BF30 /* Release */,
			);
			defaultConfigurationIsVisible = 0;
			defaultConfigurationName = Release;
		};
		C867F2891D9BA54100A0BF30 /* Build configuration list for PBXNativeTarget "testWeb" */ = {
			isa = XCConfigurationList;
			buildConfigurations = (
				C867F28A1D9BA54100A0BF30 /* Debug */,
				C867F28B1D9BA54100A0BF30 /* Release */,
			);
			defaultConfigurationIsVisible = 0;
		};
/* End XCConfigurationList section */
	};
	rootObject = C867F26F1D9BA54100A0BF30 /* Project object */;
}
